
Microsoft Visual Studio Solution File, Format Version 12.00
# Visual Studio Version 17
VisualStudioVersion = 17.5.002.0
MinimumVisualStudioVersion = 10.0.40219.1
Project("{9A19103F-16F7-4668-BE54-9A1E7A4F7556}") = "HauntedHouse.UI", "HauntedHouse.UI.csproj", "{737C87CB-8024-4009-AC83-1E0CDD612046}"
EndProject
Global
	GlobalSection(SolutionConfigurationPlatforms) = preSolution
		Debug|Any CPU = Debug|Any CPU
		Release|Any CPU = Release|Any CPU
	EndGlobalSection
	GlobalSection(ProjectConfigurationPlatforms) = postSolution
		{737C87CB-8024-4009-AC83-1E0CDD612046}.Debug|Any CPU.ActiveCfg = Debug|Any CPU
		{737C87CB-8024-4009-AC83-1E0CDD612046}.Debug|Any CPU.Build.0 = Debug|Any CPU
		{737C87CB-8024-4009-AC83-1E0CDD612046}.Release|Any CPU.ActiveCfg = Release|Any CPU
		{737C87CB-8024-4009-AC83-1E0CDD612046}.Release|Any CPU.Build.0 = Release|Any CPU
	EndGlobalSection
	GlobalSection(SolutionProperties) = preSolution
		HideSolutionNode = FALSE
	EndGlobalSection
	GlobalSection(ExtensibilityGlobals) = postSolution
		SolutionGuid = {D029ABF4-27DA-4302-8747-832BF068F1DD}
	EndGlobalSection
EndGlobal
